// !$*UTF8*$!
{
	archiveVersion = 1;
	classes = {
	};
	objectVersion = 50;
	objects = {

/* Begin PBXBuildFile section */
		005925D2250891C600C7D8C1 /* SONotificationDM.swift in Sources */ = {isa = PBXBuildFile; fileRef = 005925D1250891C600C7D8C1 /* SONotificationDM.swift */; };
		0066DD0F24FF7CAD005E1BE0 /* SOFrameworkExt.swift in Sources */ = {isa = PBXBuildFile; fileRef = 0066DD0924FF7CAD005E1BE0 /* SOFrameworkExt.swift */; };
		0066DD1024FF7CAD005E1BE0 /* SOAnalytics.swift in Sources */ = {isa = PBXBuildFile; fileRef = 0066DD0A24FF7CAD005E1BE0 /* SOAnalytics.swift */; };
		0066DD1124FF7CAD005E1BE0 /* SOEventManager.swift in Sources */ = {isa = PBXBuildFile; fileRef = 0066DD0B24FF7CAD005E1BE0 /* SOEventManager.swift */; };
		0066DD1224FF7CAD005E1BE0 /* DeviceInfo.swift in Sources */ = {isa = PBXBuildFile; fileRef = 0066DD0C24FF7CAD005E1BE0 /* DeviceInfo.swift */; };
		0066DD1324FF7CAD005E1BE0 /* RequestParameter.swift in Sources */ = {isa = PBXBuildFile; fileRef = 0066DD0D24FF7CAD005E1BE0 /* RequestParameter.swift */; };
		0066DD1524FFA8B2005E1BE0 /* SOEventConstant.swift in Sources */ = {isa = PBXBuildFile; fileRef = 0066DD1424FFA8B2005E1BE0 /* SOEventConstant.swift */; };
		00677C3B2502038C004688B7 /* SOTrackDM.swift in Sources */ = {isa = PBXBuildFile; fileRef = 00677C3A2502038C004688B7 /* SOTrackDM.swift */; };
		00677C3D25021A23004688B7 /* SOIdentityDM.swift in Sources */ = {isa = PBXBuildFile; fileRef = 00677C3C25021A23004688B7 /* SOIdentityDM.swift */; };
		0077D77425010A6A002B0839 /* SOEngageDM.swift in Sources */ = {isa = PBXBuildFile; fileRef = 0077D77325010A6A002B0839 /* SOEngageDM.swift */; };
		F9B7E63C24F63CD7009046E3 /* SOFramework.h in Headers */ = {isa = PBXBuildFile; fileRef = F9B7E63A24F63CD7009046E3 /* SOFramework.h */; settings = {ATTRIBUTES = (Public, ); }; };
/* End PBXBuildFile section */

/* Begin PBXFileReference section */
		005925D1250891C600C7D8C1 /* SONotificationDM.swift */ = {isa = PBXFileReference; lastKnownFileType = sourcecode.swift; path = SONotificationDM.swift; sourceTree = "<group>"; };
		0066DD0924FF7CAD005E1BE0 /* SOFrameworkExt.swift */ = {isa = PBXFileReference; fileEncoding = 4; lastKnownFileType = sourcecode.swift; path = SOFrameworkExt.swift; sourceTree = "<group>"; };
		0066DD0A24FF7CAD005E1BE0 /* SOAnalytics.swift */ = {isa = PBXFileReference; fileEncoding = 4; lastKnownFileType = sourcecode.swift; path = SOAnalytics.swift; sourceTree = "<group>"; };
		0066DD0B24FF7CAD005E1BE0 /* SOEventManager.swift */ = {isa = PBXFileReference; fileEncoding = 4; lastKnownFileType = sourcecode.swift; path = SOEventManager.swift; sourceTree = "<group>"; };
		0066DD0C24FF7CAD005E1BE0 /* DeviceInfo.swift */ = {isa = PBXFileReference; fileEncoding = 4; lastKnownFileType = sourcecode.swift; path = DeviceInfo.swift; sourceTree = "<group>"; };
		0066DD0D24FF7CAD005E1BE0 /* RequestParameter.swift */ = {isa = PBXFileReference; fileEncoding = 4; lastKnownFileType = sourcecode.swift; path = RequestParameter.swift; sourceTree = "<group>"; };
		0066DD1424FFA8B2005E1BE0 /* SOEventConstant.swift */ = {isa = PBXFileReference; lastKnownFileType = sourcecode.swift; path = SOEventConstant.swift; sourceTree = "<group>"; };
		00677C3A2502038C004688B7 /* SOTrackDM.swift */ = {isa = PBXFileReference; lastKnownFileType = sourcecode.swift; path = SOTrackDM.swift; sourceTree = "<group>"; };
		00677C3C25021A23004688B7 /* SOIdentityDM.swift */ = {isa = PBXFileReference; lastKnownFileType = sourcecode.swift; path = SOIdentityDM.swift; sourceTree = "<group>"; };
		0077D77325010A6A002B0839 /* SOEngageDM.swift */ = {isa = PBXFileReference; lastKnownFileType = sourcecode.swift; path = SOEngageDM.swift; sourceTree = "<group>"; };
		F9B7E63724F63CD7009046E3 /* SOFramework.framework */ = {isa = PBXFileReference; explicitFileType = wrapper.framework; includeInIndex = 0; path = SOFramework.framework; sourceTree = BUILT_PRODUCTS_DIR; };
		F9B7E63A24F63CD7009046E3 /* SOFramework.h */ = {isa = PBXFileReference; lastKnownFileType = sourcecode.c.h; path = SOFramework.h; sourceTree = "<group>"; };
		F9B7E63B24F63CD7009046E3 /* Info.plist */ = {isa = PBXFileReference; lastKnownFileType = text.plist.xml; path = Info.plist; sourceTree = "<group>"; };
/* End PBXFileReference section */

/* Begin PBXFrameworksBuildPhase section */
		F9B7E63424F63CD7009046E3 /* Frameworks */ = {
			isa = PBXFrameworksBuildPhase;
			buildActionMask = 2147483647;
			files = (
			);
			runOnlyForDeploymentPostprocessing = 0;
		};
/* End PBXFrameworksBuildPhase section */

/* Begin PBXGroup section */
		0066DD0724FF7CAD005E1BE0 /* New */ = {
			isa = PBXGroup;
			children = (
				0066DD0924FF7CAD005E1BE0 /* SOFrameworkExt.swift */,
				0066DD0A24FF7CAD005E1BE0 /* SOAnalytics.swift */,
				0066DD0B24FF7CAD005E1BE0 /* SOEventManager.swift */,
				00677C3A2502038C004688B7 /* SOTrackDM.swift */,
				00677C3C25021A23004688B7 /* SOIdentityDM.swift */,
				005925D1250891C600C7D8C1 /* SONotificationDM.swift */,
				0077D77325010A6A002B0839 /* SOEngageDM.swift */,
				0066DD1424FFA8B2005E1BE0 /* SOEventConstant.swift */,
				0066DD0C24FF7CAD005E1BE0 /* DeviceInfo.swift */,
				0066DD0D24FF7CAD005E1BE0 /* RequestParameter.swift */,
			);
			path = New;
			sourceTree = "<group>";
		};
		F9B7E62D24F63CD7009046E3 = {
			isa = PBXGroup;
			children = (
				F9B7E63924F63CD7009046E3 /* SOFramework */,
				F9B7E63824F63CD7009046E3 /* Products */,
			);
			sourceTree = "<group>";
		};
		F9B7E63824F63CD7009046E3 /* Products */ = {
			isa = PBXGroup;
			children = (
				F9B7E63724F63CD7009046E3 /* SOFramework.framework */,
			);
			name = Products;
			sourceTree = "<group>";
		};
		F9B7E63924F63CD7009046E3 /* SOFramework */ = {
			isa = PBXGroup;
			children = (
				0066DD0724FF7CAD005E1BE0 /* New */,
				F9B7E63A24F63CD7009046E3 /* SOFramework.h */,
				F9B7E63B24F63CD7009046E3 /* Info.plist */,
			);
			path = SOFramework;
			sourceTree = "<group>";
		};
/* End PBXGroup section */

/* Begin PBXHeadersBuildPhase section */
		F9B7E63224F63CD7009046E3 /* Headers */ = {
			isa = PBXHeadersBuildPhase;
			buildActionMask = 2147483647;
			files = (
				F9B7E63C24F63CD7009046E3 /* SOFramework.h in Headers */,
			);
			runOnlyForDeploymentPostprocessing = 0;
		};
/* End PBXHeadersBuildPhase section */

/* Begin PBXNativeTarget section */
		F9B7E63624F63CD7009046E3 /* SOFramework */ = {
			isa = PBXNativeTarget;
			buildConfigurationList = F9B7E63F24F63CD7009046E3 /* Build configuration list for PBXNativeTarget "SOFramework" */;
			buildPhases = (
				F9B7E63224F63CD7009046E3 /* Headers */,
				F9B7E63324F63CD7009046E3 /* Sources */,
				F9B7E63424F63CD7009046E3 /* Frameworks */,
				F9B7E63524F63CD7009046E3 /* Resources */,
			);
			buildRules = (
			);
			dependencies = (
			);
			name = SOFramework;
			productName = SOFramework;
			productReference = F9B7E63724F63CD7009046E3 /* SOFramework.framework */;
			productType = "com.apple.product-type.framework";
		};
/* End PBXNativeTarget section */

/* Begin PBXProject section */
		F9B7E62E24F63CD7009046E3 /* Project object */ = {
			isa = PBXProject;
			attributes = {
				LastUpgradeCheck = 1160;
				ORGANIZATIONNAME = SOTSYS203;
				TargetAttributes = {
					F9B7E63624F63CD7009046E3 = {
						CreatedOnToolsVersion = 11.6;
						LastSwiftMigration = 1160;
					};
				};
			};
			buildConfigurationList = F9B7E63124F63CD7009046E3 /* Build configuration list for PBXProject "SOFramework" */;
			compatibilityVersion = "Xcode 9.3";
			developmentRegion = en;
			hasScannedForEncodings = 0;
			knownRegions = (
				en,
				Base,
			);
			mainGroup = F9B7E62D24F63CD7009046E3;
			productRefGroup = F9B7E63824F63CD7009046E3 /* Products */;
			projectDirPath = "";
			projectRoot = "";
			targets = (
				F9B7E63624F63CD7009046E3 /* SOFramework */,
			);
		};
/* End PBXProject section */

/* Begin PBXResourcesBuildPhase section */
		F9B7E63524F63CD7009046E3 /* Resources */ = {
			isa = PBXResourcesBuildPhase;
			buildActionMask = 2147483647;
			files = (
			);
			runOnlyForDeploymentPostprocessing = 0;
		};
/* End PBXResourcesBuildPhase section */

/* Begin PBXSourcesBuildPhase section */
		F9B7E63324F63CD7009046E3 /* Sources */ = {
			isa = PBXSourcesBuildPhase;
			buildActionMask = 2147483647;
			files = (
				0066DD1024FF7CAD005E1BE0 /* SOAnalytics.swift in Sources */,
				005925D2250891C600C7D8C1 /* SONotificationDM.swift in Sources */,
				0066DD0F24FF7CAD005E1BE0 /* SOFrameworkExt.swift in Sources */,
				00677C3D25021A23004688B7 /* SOIdentityDM.swift in Sources */,
				0066DD1524FFA8B2005E1BE0 /* SOEventConstant.swift in Sources */,
				00677C3B2502038C004688B7 /* SOTrackDM.swift in Sources */,
				0066DD1124FF7CAD005E1BE0 /* SOEventManager.swift in Sources */,
				0077D77425010A6A002B0839 /* SOEngageDM.swift in Sources */,
				0066DD1324FF7CAD005E1BE0 /* RequestParameter.swift in Sources */,
				0066DD1224FF7CAD005E1BE0 /* DeviceInfo.swift in Sources */,
			);
			runOnlyForDeploymentPostprocessing = 0;
		};
/* End PBXSourcesBuildPhase section */

/* Begin XCBuildConfiguration section */
		F9B7E63D24F63CD7009046E3 /* Debug */ = {
			isa = XCBuildConfiguration;
			buildSettings = {
				ALWAYS_SEARCH_USER_PATHS = NO;
				CLANG_ANALYZER_NONNULL = YES;
				CLANG_ANALYZER_NUMBER_OBJECT_CONVERSION = YES_AGGRESSIVE;
				CLANG_CXX_LANGUAGE_STANDARD = "gnu++14";
				CLANG_CXX_LIBRARY = "libc++";
				CLANG_ENABLE_MODULES = YES;
				CLANG_ENABLE_OBJC_ARC = YES;
				CLANG_ENABLE_OBJC_WEAK = YES;
				CLANG_WARN_BLOCK_CAPTURE_AUTORELEASING = YES;
				CLANG_WARN_BOOL_CONVERSION = YES;
				CLANG_WARN_COMMA = YES;
				CLANG_WARN_CONSTANT_CONVERSION = YES;
				CLANG_WARN_DEPRECATED_OBJC_IMPLEMENTATIONS = YES;
				CLANG_WARN_DIRECT_OBJC_ISA_USAGE = YES_ERROR;
				CLANG_WARN_DOCUMENTATION_COMMENTS = YES;
				CLANG_WARN_EMPTY_BODY = YES;
				CLANG_WARN_ENUM_CONVERSION = YES;
				CLANG_WARN_INFINITE_RECURSION = YES;
				CLANG_WARN_INT_CONVERSION = YES;
				CLANG_WARN_NON_LITERAL_NULL_CONVERSION = YES;
				CLANG_WARN_OBJC_IMPLICIT_RETAIN_SELF = YES;
				CLANG_WARN_OBJC_LITERAL_CONVERSION = YES;
				CLANG_WARN_OBJC_ROOT_CLASS = YES_ERROR;
				CLANG_WARN_RANGE_LOOP_ANALYSIS = YES;
				CLANG_WARN_STRICT_PROTOTYPES = YES;
				CLANG_WARN_SUSPICIOUS_MOVE = YES;
				CLANG_WARN_UNGUARDED_AVAILABILITY = YES_AGGRESSIVE;
				CLANG_WARN_UNREACHABLE_CODE = YES;
				CLANG_WARN__DUPLICATE_METHOD_MATCH = YES;
				COPY_PHASE_STRIP = NO;
				CURRENT_PROJECT_VERSION = 1;
				DEBUG_INFORMATION_FORMAT = dwarf;
				ENABLE_STRICT_OBJC_MSGSEND = YES;
				ENABLE_TESTABILITY = YES;
				GCC_C_LANGUAGE_STANDARD = gnu11;
				GCC_DYNAMIC_NO_PIC = NO;
				GCC_NO_COMMON_BLOCKS = YES;
				GCC_OPTIMIZATION_LEVEL = 0;
				GCC_PREPROCESSOR_DEFINITIONS = (
					"DEBUG=1",
					"$(inherited)",
				);
				GCC_WARN_64_TO_32_BIT_CONVERSION = YES;
				GCC_WARN_ABOUT_RETURN_TYPE = YES_ERROR;
				GCC_WARN_UNDECLARED_SELECTOR = YES;
				GCC_WARN_UNINITIALIZED_AUTOS = YES_AGGRESSIVE;
				GCC_WARN_UNUSED_FUNCTION = YES;
				GCC_WARN_UNUSED_VARIABLE = YES;
				IPHONEOS_DEPLOYMENT_TARGET = 9.1;
				MTL_ENABLE_DEBUG_INFO = INCLUDE_SOURCE;
				MTL_FAST_MATH = YES;
				ONLY_ACTIVE_ARCH = NO;
				SDKROOT = iphoneos;
				SKIP_INSTALL = YES;
				SWIFT_ACTIVE_COMPILATION_CONDITIONS = DEBUG;
				SWIFT_OPTIMIZATION_LEVEL = "-Onone";
				VALID_ARCHS = "arm64 arm64e armv7 armv7s i386";
				VERSIONING_SYSTEM = "apple-generic";
				VERSION_INFO_PREFIX = "";
			};
			name = Debug;
		};
		F9B7E63E24F63CD7009046E3 /* Release */ = {
			isa = XCBuildConfiguration;
			buildSettings = {
				ALWAYS_SEARCH_USER_PATHS = NO;
				CLANG_ANALYZER_NONNULL = YES;
				CLANG_ANALYZER_NUMBER_OBJECT_CONVERSION = YES_AGGRESSIVE;
				CLANG_CXX_LANGUAGE_STANDARD = "gnu++14";
				CLANG_CXX_LIBRARY = "libc++";
				CLANG_ENABLE_MODULES = YES;
				CLANG_ENABLE_OBJC_ARC = YES;
				CLANG_ENABLE_OBJC_WEAK = YES;
				CLANG_WARN_BLOCK_CAPTURE_AUTORELEASING = YES;
				CLANG_WARN_BOOL_CONVERSION = YES;
				CLANG_WARN_COMMA = YES;
				CLANG_WARN_CONSTANT_CONVERSION = YES;
				CLANG_WARN_DEPRECATED_OBJC_IMPLEMENTATIONS = YES;
				CLANG_WARN_DIRECT_OBJC_ISA_USAGE = YES_ERROR;
				CLANG_WARN_DOCUMENTATION_COMMENTS = YES;
				CLANG_WARN_EMPTY_BODY = YES;
				CLANG_WARN_ENUM_CONVERSION = YES;
				CLANG_WARN_INFINITE_RECURSION = YES;
				CLANG_WARN_INT_CONVERSION = YES;
				CLANG_WARN_NON_LITERAL_NULL_CONVERSION = YES;
				CLANG_WARN_OBJC_IMPLICIT_RETAIN_SELF = YES;
				CLANG_WARN_OBJC_LITERAL_CONVERSION = YES;
				CLANG_WARN_OBJC_ROOT_CLASS = YES_ERROR;
				CLANG_WARN_RANGE_LOOP_ANALYSIS = YES;
				CLANG_WARN_STRICT_PROTOTYPES = YES;
				CLANG_WARN_SUSPICIOUS_MOVE = YES;
				CLANG_WARN_UNGUARDED_AVAILABILITY = YES_AGGRESSIVE;
				CLANG_WARN_UNREACHABLE_CODE = YES;
				CLANG_WARN__DUPLICATE_METHOD_MATCH = YES;
				COPY_PHASE_STRIP = NO;
				CURRENT_PROJECT_VERSION = 1;
				DEBUG_INFORMATION_FORMAT = "dwarf-with-dsym";
				ENABLE_NS_ASSERTIONS = NO;
				ENABLE_STRICT_OBJC_MSGSEND = YES;
				GCC_C_LANGUAGE_STANDARD = gnu11;
				GCC_NO_COMMON_BLOCKS = YES;
				GCC_WARN_64_TO_32_BIT_CONVERSION = YES;
				GCC_WARN_ABOUT_RETURN_TYPE = YES_ERROR;
				GCC_WARN_UNDECLARED_SELECTOR = YES;
				GCC_WARN_UNINITIALIZED_AUTOS = YES_AGGRESSIVE;
				GCC_WARN_UNUSED_FUNCTION = YES;
				GCC_WARN_UNUSED_VARIABLE = YES;
				IPHONEOS_DEPLOYMENT_TARGET = 9.1;
				MTL_ENABLE_DEBUG_INFO = NO;
				MTL_FAST_MATH = YES;
				ONLY_ACTIVE_ARCH = NO;
				SDKROOT = iphoneos;
				SKIP_INSTALL = YES;
				SWIFT_COMPILATION_MODE = wholemodule;
				SWIFT_OPTIMIZATION_LEVEL = "-O";
				VALIDATE_PRODUCT = YES;
				VALID_ARCHS = "arm64 arm64e armv7 armv7s i386";
				VERSIONING_SYSTEM = "apple-generic";
				VERSION_INFO_PREFIX = "";
			};
			name = Release;
		};
		F9B7E64024F63CD7009046E3 /* Debug */ = {
			isa = XCBuildConfiguration;
			buildSettings = {
				BITCODE_GENERATION_MODE = bitcode;
				CLANG_ENABLE_MODULES = YES;
				CODE_SIGN_STYLE = Automatic;
				CURRENT_PROJECT_VERSION = 1.0.1;
				DEFINES_MODULE = YES;
				DYLIB_COMPATIBILITY_VERSION = 1;
				DYLIB_CURRENT_VERSION = 1;
				DYLIB_INSTALL_NAME_BASE = "@rpath";
				INFOPLIST_FILE = SOFramework/Info.plist;
				INSTALL_PATH = "$(LOCAL_LIBRARY_DIR)/Frameworks";
				IPHONEOS_DEPLOYMENT_TARGET = 9.1;
				LD_RUNPATH_SEARCH_PATHS = (
					"$(inherited)",
					"@executable_path/Frameworks",
					"@loader_path/Frameworks",
				);
				ONLY_ACTIVE_ARCH = NO;
				OTHER_CFLAGS = "-fembed-bitcode";
				PRODUCT_BUNDLE_IDENTIFIER = com.app.SOFramework;
				PRODUCT_NAME = "$(TARGET_NAME:c99extidentifier)";
				SKIP_INSTALL = YES;
				SWIFT_OPTIMIZATION_LEVEL = "-Onone";
				SWIFT_VERSION = 5.0;
				TARGETED_DEVICE_FAMILY = "1,2";
				VALID_ARCHS = "$(ARCHS_STANDARD)";
			};
			name = Debug;
		};
		F9B7E64124F63CD7009046E3 /* Release */ = {
			isa = XCBuildConfiguration;
			buildSettings = {
				BITCODE_GENERATION_MODE = bitcode;
				CLANG_ENABLE_MODULES = YES;
				CODE_SIGN_STYLE = Automatic;
				CURRENT_PROJECT_VERSION = 1.0.1;
				DEFINES_MODULE = YES;
				DYLIB_COMPATIBILITY_VERSION = 1;
				DYLIB_CURRENT_VERSION = 1;
				DYLIB_INSTALL_NAME_BASE = "@rpath";
				INFOPLIST_FILE = SOFramework/Info.plist;
				INSTALL_PATH = "$(LOCAL_LIBRARY_DIR)/Frameworks";
				IPHONEOS_DEPLOYMENT_TARGET = 9.1;
				LD_RUNPATH_SEARCH_PATHS = (
					"$(inherited)",
					"@executable_path/Frameworks",
					"@loader_path/Frameworks",
				);
				ONLY_ACTIVE_ARCH = NO;
				OTHER_CFLAGS = "-fembed-bitcode";
				PRODUCT_BUNDLE_IDENTIFIER = com.app.SOFramework;
				PRODUCT_NAME = "$(TARGET_NAME:c99extidentifier)";
				SKIP_INSTALL = YES;
				SWIFT_VERSION = 5.0;
				TARGETED_DEVICE_FAMILY = "1,2";
				VALID_ARCHS = "$(ARCHS_STANDARD)";
			};
			name = Release;
		};
/* End XCBuildConfiguration section */

/* Begin XCConfigurationList section */
		F9B7E63124F63CD7009046E3 /* Build configuration list for PBXProject "SOFramework" */ = {
			isa = XCConfigurationList;
			buildConfigurations = (
				F9B7E63D24F63CD7009046E3 /* Debug */,
				F9B7E63E24F63CD7009046E3 /* Release */,
			);
			defaultConfigurationIsVisible = 0;
			defaultConfigurationName = Release;
		};
		F9B7E63F24F63CD7009046E3 /* Build configuration list for PBXNativeTarget "SOFramework" */ = {
			isa = XCConfigurationList;
			buildConfigurations = (
				F9B7E64024F63CD7009046E3 /* Debug */,
				F9B7E64124F63CD7009046E3 /* Release */,
			);
			defaultConfigurationIsVisible = 0;
			defaultConfigurationName = Release;
		};
/* End XCConfigurationList section */
	};
	rootObject = F9B7E62E24F63CD7009046E3 /* Project object */;
}
